
Microsoft Visual Studio Solution File, Format Version 12.00
# Visual Studio 15
VisualStudioVersion = 15.0.27703.2042
MinimumVisualStudioVersion = 10.0.40219.1
Project("{FAE04EC0-301F-11D3-BF4B-00C04F79EFBC}") = "Madlib1", "Madlib1\Madlib1.csproj", "{3153DC51-F440-43F8-BEBE-B9AD72C3F947}"
EndProject
Global
	GlobalSection(SolutionConfigurationPlatforms) = preSolution
		Debug|Any CPU = Debug|Any CPU
		Release|Any CPU = Release|Any CPU
	EndGlobalSection
	GlobalSection(ProjectConfigurationPlatforms) = postSolution
		{3153DC51-F440-43F8-BEBE-B9AD72C3F947}.Debug|Any CPU.ActiveCfg = Debug|Any CPU
		{3153DC51-F440-43F8-BEBE-B9AD72C3F947}.Debug|Any CPU.Build.0 = Debug|Any CPU
		{3153DC51-F440-43F8-BEBE-B9AD72C3F947}.Release|Any CPU.ActiveCfg = Release|Any CPU
		{3153DC51-F440-43F8-BEBE-B9AD72C3F947}.Release|Any CPU.Build.0 = Release|Any CPU
	EndGlobalSection
	GlobalSection(SolutionProperties) = preSolution
		HideSolutionNode = FALSE
	EndGlobalSection
	GlobalSection(ExtensibilityGlobals) = postSolution
		SolutionGuid = {73E9CED7-F5F7-478F-967E-22F6EA5848B1}
	EndGlobalSection
EndGlobal
